{
  "name": "testdependabot",
  "version": "1.0.0",
  "lockfileVersion": 1,
  "requires": true,
  "dependencies": {
    "mongoose": {
      "version": "1.0.16",
      "resolved": "https://registry.npmjs.org/mongoose/-/mongoose-1.0.16.tgz",
      "integrity": "sha1-bsrK8RfYJu4JHxhxk6IcUwu875s="
    }
  }
}
